
Microsoft Visual Studio Solution File, Format Version 12.00
# Visual Studio 14
VisualStudioVersion = 14.0.25420.1
MinimumVisualStudioVersion = 10.0.40219.1
Project("{2150E333-8FDC-42A3-9474-1A3956D46DE8}") = "src", "src", "{F2E8AFA2-1A26-4DC4-B4B1-EE6F5CF327C3}"
EndProject
Project("{2150E333-8FDC-42A3-9474-1A3956D46DE8}") = "Solution Items", "Solution Items", "{B858FE43-F84A-45A6-83AF-7480BFFEF9A4}"
	ProjectSection(SolutionItems) = preProject
		global.json = global.json
	EndProjectSection
EndProject
Project("{2150E333-8FDC-42A3-9474-1A3956D46DE8}") = "Hello World", "Hello World", "{EE39BDC0-22B7-4DA8-A056-FE12A7A19F70}"
EndProject
Project("{2150E333-8FDC-42A3-9474-1A3956D46DE8}") = "Mvc", "Mvc", "{07F4EF84-F454-4DC9-BAEE-FB5A54AD5929}"
EndProject
Project("{2150E333-8FDC-42A3-9474-1A3956D46DE8}") = "Api", "Api", "{D0206963-F46D-4C3A-B93D-08AE14DD6E3D}"
EndProject
Project("{8BB2217D-0F2D-49D1-97BC-3654ED321F3B}") = "AspNetCore-Hello-World-CoreFx", "src\AspNetCore-Hello-World-CoreFx\AspNetCore-Hello-World-CoreFx.xproj", "{0182BEFC-2063-4901-A055-BD035F8F5DE0}"
EndProject
Project("{8BB2217D-0F2D-49D1-97BC-3654ED321F3B}") = "AspNetCore-Hello-World-FullFx", "src\AspNetCore-Hello-World-FullFx\AspNetCore-Hello-World-FullFx.xproj", "{9B296862-A012-4182-811E-BFA2EAB45E9B}"
EndProject
Project("{8BB2217D-0F2D-49D1-97BC-3654ED321F3B}") = "AspNetCore-Mvc-Starter-CoreFx", "src\AspNetCore-Mvc-Starter-CoreFx\AspNetCore-Mvc-Starter-CoreFx.xproj", "{0CB59830-D8EF-4F47-860F-970C160BEAB6}"
EndProject
Project("{8BB2217D-0F2D-49D1-97BC-3654ED321F3B}") = "AspNetCore-Mvc-Starter-FullFx", "src\AspNetCore-Mvc-Starter-FullFx\AspNetCore-Mvc-Starter-FullFx.xproj", "{F45D1A35-06E5-4288-A819-3572C0FE629E}"
EndProject
Project("{8BB2217D-0F2D-49D1-97BC-3654ED321F3B}") = "AspNetCore-Api-Starter-CoreFx", "src\AspNetCore-Api-Starter-CoreFx\AspNetCore-Api-Starter-CoreFx.xproj", "{9DEDA918-C838-4872-881C-B89B4868391E}"
EndProject
Project("{8BB2217D-0F2D-49D1-97BC-3654ED321F3B}") = "AspNetCore-Api-Starter-FullFx", "src\AspNetCore-Api-Starter-FullFx\AspNetCore-Api-Starter-FullFx.xproj", "{8CAAC22E-9B51-4B9D-8826-051F3DC37B3D}"
EndProject
Project("{2150E333-8FDC-42A3-9474-1A3956D46DE8}") = "1_Starters", "1_Starters", "{94A459B3-5088-4820-AAB8-D1BA1C5537A6}"
EndProject
Project("{2150E333-8FDC-42A3-9474-1A3956D46DE8}") = "2_Demos", "2_Demos", "{F6FFB5DD-D17B-4DF2-90E7-74EAFA593B1A}"
EndProject
Project("{8BB2217D-0F2D-49D1-97BC-3654ED321F3B}") = "AspNetCore-Mvc-TagHelper-CoreFx", "src\AspNetCore-Mvc-TagHelper-CoreFx\AspNetCore-Mvc-TagHelper-CoreFx.xproj", "{D607DD32-16F3-4D3A-8564-78B92EED5948}"
EndProject
Project("{2150E333-8FDC-42A3-9474-1A3956D46DE8}") = "3_Docker", "3_Docker", "{9FFBA73D-C957-46C3-BD35-D67E92FA11AC}"
EndProject
Project("{8BB2217D-0F2D-49D1-97BC-3654ED321F3B}") = "AspNetCore-Mvc-Docker", "src\AspNetCore-Mvc-Docker\AspNetCore-Mvc-Docker.xproj", "{8B367C18-E75B-4207-9BFB-137CE275B264}"
EndProject
Project("{8BB2217D-0F2D-49D1-97BC-3654ED321F3B}") = "AspNetCore-Hello-World-Docker", "src\AspNetCore-Hello-World-Docker\AspNetCore-Hello-World-Docker.xproj", "{36A86738-19F4-43D7-B72D-0F5847C20C2D}"
EndProject
Global
	GlobalSection(SolutionConfigurationPlatforms) = preSolution
		Debug|Any CPU = Debug|Any CPU
		Release|Any CPU = Release|Any CPU
	EndGlobalSection
	GlobalSection(ProjectConfigurationPlatforms) = postSolution
		{0182BEFC-2063-4901-A055-BD035F8F5DE0}.Debug|Any CPU.ActiveCfg = Debug|Any CPU
		{0182BEFC-2063-4901-A055-BD035F8F5DE0}.Debug|Any CPU.Build.0 = Debug|Any CPU
		{0182BEFC-2063-4901-A055-BD035F8F5DE0}.Release|Any CPU.ActiveCfg = Release|Any CPU
		{0182BEFC-2063-4901-A055-BD035F8F5DE0}.Release|Any CPU.Build.0 = Release|Any CPU
		{9B296862-A012-4182-811E-BFA2EAB45E9B}.Debug|Any CPU.ActiveCfg = Debug|Any CPU
		{9B296862-A012-4182-811E-BFA2EAB45E9B}.Debug|Any CPU.Build.0 = Debug|Any CPU
		{9B296862-A012-4182-811E-BFA2EAB45E9B}.Release|Any CPU.ActiveCfg = Release|Any CPU
		{9B296862-A012-4182-811E-BFA2EAB45E9B}.Release|Any CPU.Build.0 = Release|Any CPU
		{0CB59830-D8EF-4F47-860F-970C160BEAB6}.Debug|Any CPU.ActiveCfg = Debug|Any CPU
		{0CB59830-D8EF-4F47-860F-970C160BEAB6}.Debug|Any CPU.Build.0 = Debug|Any CPU
		{0CB59830-D8EF-4F47-860F-970C160BEAB6}.Release|Any CPU.ActiveCfg = Release|Any CPU
		{0CB59830-D8EF-4F47-860F-970C160BEAB6}.Release|Any CPU.Build.0 = Release|Any CPU
		{F45D1A35-06E5-4288-A819-3572C0FE629E}.Debug|Any CPU.ActiveCfg = Debug|Any CPU
		{F45D1A35-06E5-4288-A819-3572C0FE629E}.Debug|Any CPU.Build.0 = Debug|Any CPU
		{F45D1A35-06E5-4288-A819-3572C0FE629E}.Release|Any CPU.ActiveCfg = Release|Any CPU
		{F45D1A35-06E5-4288-A819-3572C0FE629E}.Release|Any CPU.Build.0 = Release|Any CPU
		{9DEDA918-C838-4872-881C-B89B4868391E}.Debug|Any CPU.ActiveCfg = Debug|Any CPU
		{9DEDA918-C838-4872-881C-B89B4868391E}.Debug|Any CPU.Build.0 = Debug|Any CPU
		{9DEDA918-C838-4872-881C-B89B4868391E}.Release|Any CPU.ActiveCfg = Release|Any CPU
		{9DEDA918-C838-4872-881C-B89B4868391E}.Release|Any CPU.Build.0 = Release|Any CPU
		{8CAAC22E-9B51-4B9D-8826-051F3DC37B3D}.Debug|Any CPU.ActiveCfg = Debug|Any CPU
		{8CAAC22E-9B51-4B9D-8826-051F3DC37B3D}.Debug|Any CPU.Build.0 = Debug|Any CPU
		{8CAAC22E-9B51-4B9D-8826-051F3DC37B3D}.Release|Any CPU.ActiveCfg = Release|Any CPU
		{8CAAC22E-9B51-4B9D-8826-051F3DC37B3D}.Release|Any CPU.Build.0 = Release|Any CPU
		{D607DD32-16F3-4D3A-8564-78B92EED5948}.Debug|Any CPU.ActiveCfg = Debug|Any CPU
		{D607DD32-16F3-4D3A-8564-78B92EED5948}.Debug|Any CPU.Build.0 = Debug|Any CPU
		{D607DD32-16F3-4D3A-8564-78B92EED5948}.Release|Any CPU.ActiveCfg = Release|Any CPU
		{D607DD32-16F3-4D3A-8564-78B92EED5948}.Release|Any CPU.Build.0 = Release|Any CPU
		{8B367C18-E75B-4207-9BFB-137CE275B264}.Debug|Any CPU.ActiveCfg = Debug|Any CPU
		{8B367C18-E75B-4207-9BFB-137CE275B264}.Debug|Any CPU.Build.0 = Debug|Any CPU
		{8B367C18-E75B-4207-9BFB-137CE275B264}.Release|Any CPU.ActiveCfg = Release|Any CPU
		{8B367C18-E75B-4207-9BFB-137CE275B264}.Release|Any CPU.Build.0 = Release|Any CPU
		{36A86738-19F4-43D7-B72D-0F5847C20C2D}.Debug|Any CPU.ActiveCfg = Debug|Any CPU
		{36A86738-19F4-43D7-B72D-0F5847C20C2D}.Debug|Any CPU.Build.0 = Debug|Any CPU
		{36A86738-19F4-43D7-B72D-0F5847C20C2D}.Release|Any CPU.ActiveCfg = Release|Any CPU
		{36A86738-19F4-43D7-B72D-0F5847C20C2D}.Release|Any CPU.Build.0 = Release|Any CPU
	EndGlobalSection
	GlobalSection(SolutionProperties) = preSolution
		HideSolutionNode = FALSE
	EndGlobalSection
	GlobalSection(NestedProjects) = preSolution
		{EE39BDC0-22B7-4DA8-A056-FE12A7A19F70} = {94A459B3-5088-4820-AAB8-D1BA1C5537A6}
		{07F4EF84-F454-4DC9-BAEE-FB5A54AD5929} = {94A459B3-5088-4820-AAB8-D1BA1C5537A6}
		{D0206963-F46D-4C3A-B93D-08AE14DD6E3D} = {94A459B3-5088-4820-AAB8-D1BA1C5537A6}
		{0182BEFC-2063-4901-A055-BD035F8F5DE0} = {EE39BDC0-22B7-4DA8-A056-FE12A7A19F70}
		{9B296862-A012-4182-811E-BFA2EAB45E9B} = {EE39BDC0-22B7-4DA8-A056-FE12A7A19F70}
		{0CB59830-D8EF-4F47-860F-970C160BEAB6} = {07F4EF84-F454-4DC9-BAEE-FB5A54AD5929}
		{F45D1A35-06E5-4288-A819-3572C0FE629E} = {07F4EF84-F454-4DC9-BAEE-FB5A54AD5929}
		{9DEDA918-C838-4872-881C-B89B4868391E} = {D0206963-F46D-4C3A-B93D-08AE14DD6E3D}
		{8CAAC22E-9B51-4B9D-8826-051F3DC37B3D} = {D0206963-F46D-4C3A-B93D-08AE14DD6E3D}
		{94A459B3-5088-4820-AAB8-D1BA1C5537A6} = {F2E8AFA2-1A26-4DC4-B4B1-EE6F5CF327C3}
		{F6FFB5DD-D17B-4DF2-90E7-74EAFA593B1A} = {F2E8AFA2-1A26-4DC4-B4B1-EE6F5CF327C3}
		{D607DD32-16F3-4D3A-8564-78B92EED5948} = {F6FFB5DD-D17B-4DF2-90E7-74EAFA593B1A}
		{9FFBA73D-C957-46C3-BD35-D67E92FA11AC} = {F2E8AFA2-1A26-4DC4-B4B1-EE6F5CF327C3}
		{8B367C18-E75B-4207-9BFB-137CE275B264} = {9FFBA73D-C957-46C3-BD35-D67E92FA11AC}
		{36A86738-19F4-43D7-B72D-0F5847C20C2D} = {9FFBA73D-C957-46C3-BD35-D67E92FA11AC}
	EndGlobalSection
EndGlobal
